{
    "_readme": [
        "This file locks the dependencies of your project to a known state",
        "Read more about it at https://getcomposer.org/doc/01-basic-usage.md#installing-dependencies",
        "This file is @generated automatically"
    ],
    "content-hash": "f057a41683c73a1ab73fbb2dd840d67e",
    "packages": [
        {
            "name": "automattic/jetpack-autoloader",
            "version": "v2.12.0",
            "source": {
                "type": "git",
                "url": "https://github.com/Automattic/jetpack-autoloader.git",
                "reference": "632b69cfc73ed5505f2b03165e7f68d414d0da12"
            },
            "dist": {
                "type": "zip",
                "url": "https://api.github.com/repos/Automattic/jetpack-autoloader/zipball/632b69cfc73ed5505f2b03165e7f68d414d0da12",
                "reference": "632b69cfc73ed5505f2b03165e7f68d414d0da12",
                "shasum": ""
            },
            "require": {
                "composer-plugin-api": "^1.1 || ^2.0"
            },
            "require-dev": {
                "automattic/jetpack-changelogger": "^3.3.11",
                "yoast/phpunit-polyfills": "1.1.0"
            },
            "type": "composer-plugin",
            "extra": {
                "class": "Automattic\\Jetpack\\Autoloader\\CustomAutoloaderPlugin",
                "autotagger": true,
                "mirror-repo": "Automattic/jetpack-autoloader",
                "branch-alias": {
                    "dev-trunk": "2.12.x-dev"
                },
                "changelogger": {
                    "link-template": "https://github.com/Automattic/jetpack-autoloader/compare/v${old}...v${new}"
                },
                "version-constants": {
                    "::VERSION": "src/AutoloadGenerator.php"
                }
            },
            "autoload": {
                "psr-4": {
                    "Automattic\\Jetpack\\Autoloader\\": "src"
                },
                "classmap": [
                    "src/AutoloadGenerator.php"
                ]
            },
            "notification-url": "https://packagist.org/downloads/",
            "license": [
                "GPL-2.0-or-later"
            ],
            "description": "Creates a custom autoloader for a plugin or theme.",
            "keywords": [
                "autoload",
                "autoloader",
                "composer",
                "jetpack",
                "plugin",
                "wordpress"
            ],
            "support": {
                "source": "https://github.com/Automattic/jetpack-autoloader/tree/v2.12.0"
            },
            "time": "2023-09-28T18:33:34+00:00"
        },
        {
            "name": "jcodigital/jcore-update",
            "version": "v1.0.0",
            "source": {
                "type": "git",
                "url": "https://github.com/JCO-Digital/jcore-update.git",
                "reference": "9b3f911f3a55bc7ab573f632ba376d1e89ed9a73"
            },
            "dist": {
                "type": "zip",
                "url": "https://api.github.com/repos/JCO-Digital/jcore-update/zipball/9b3f911f3a55bc7ab573f632ba376d1e89ed9a73",
                "reference": "9b3f911f3a55bc7ab573f632ba376d1e89ed9a73",
                "shasum": ""
            },
            "require": {
                "ext-json": "*",
                "php": "^8.2"
            },
            "require-dev": {
                "dealerdirect/phpcodesniffer-composer-installer": "^1.0",
                "phpunit/phpunit": "^11.0",
                "squizlabs/php_codesniffer": "^3.9",
                "wp-coding-standards/wpcs": "^3.0"
            },
            "type": "library",
            "autoload": {
                "psr-4": {
                    "Jcore\\Update\\": "src/"
                }
            },
            "notification-url": "https://packagist.org/downloads/",
            "description": "Composer-installable WordPress plugin updater integration for the JCORE Update API.",
            "support": {
                "issues": "https://github.com/JCO-Digital/jcore-update/issues",
                "source": "https://github.com/JCO-Digital/jcore-update/tree/v1.0.0"
            },
            "time": "2026-05-27T15:27:07+00:00"
        }
    ],
    "packages-dev": [],
    "aliases": [],
    "minimum-stability": "stable",
    "stability-flags": {},
    "prefer-stable": false,
    "prefer-lowest": false,
    "platform": {},
    "platform-dev": {},
    "plugin-api-version": "2.9.0"
}
